
Microsoft Visual Studio Solution File, Format Version 12.00
# Visual Studio Version 17
VisualStudioVersion = 17.0.32014.148
MinimumVisualStudioVersion = 10.0.40219.1
Project("{FAE04EC0-301F-11D3-BF4B-00C04F79EFBC}") = "GrimInjector", "GrimInjector\GrimInjector.csproj", "{EA36FBD5-D42D-4DF2-B6BC-3B231D37052C}"
EndProject
Global
	GlobalSection(SolutionConfigurationPlatforms) = preSolution
		Debug|Any CPU = Debug|Any CPU
		Release|Any CPU = Release|Any CPU
	EndGlobalSection
	GlobalSection(ProjectConfigurationPlatforms) = postSolution
		{EA36FBD5-D42D-4DF2-B6BC-3B231D37052C}.Debug|Any CPU.ActiveCfg = Debug|Any CPU
		{EA36FBD5-D42D-4DF2-B6BC-3B231D37052C}.Debug|Any CPU.Build.0 = Debug|Any CPU
		{EA36FBD5-D42D-4DF2-B6BC-3B231D37052C}.Release|Any CPU.ActiveCfg = Release|Any CPU
		{EA36FBD5-D42D-4DF2-B6BC-3B231D37052C}.Release|Any CPU.Build.0 = Release|Any CPU
	EndGlobalSection
	GlobalSection(SolutionProperties) = preSolution
		HideSolutionNode = FALSE
	EndGlobalSection
	GlobalSection(ExtensibilityGlobals) = postSolution
		SolutionGuid = {ABBD3611-EDB7-44CD-838C-F93C9C77FA7B}
	EndGlobalSection
EndGlobal
